
Microsoft Visual Studio Solution File, Format Version 12.00
# Visual Studio 15
VisualStudioVersion = 15.0.28010.2048
MinimumVisualStudioVersion = 10.0.40219.1
Project("{FAE04EC0-301F-11D3-BF4B-00C04F79EFBC}") = "Furesoft.Rpc.Mmf", "Furesoft.Rpc.Mmf\Furesoft.Rpc.Mmf.csproj", "{95191E84-DA6B-4E75-84D2-15780A017C60}"
EndProject
Project("{2150E333-8FDC-42A3-9474-1A3956D46DE8}") = "Sample", "Sample", "{04AA2E74-188A-4704-AF02-1A0002035173}"
EndProject
Project("{FAE04EC0-301F-11D3-BF4B-00C04F79EFBC}") = "Server", "Server\Server.csproj", "{4BCCA576-7D13-437E-84B1-F81C4EA09312}"
EndProject
Project("{FAE04EC0-301F-11D3-BF4B-00C04F79EFBC}") = "Client", "Client\Client.csproj", "{92BBD987-3110-4C08-947A-FF68A2080D9B}"
EndProject
Project("{FAE04EC0-301F-11D3-BF4B-00C04F79EFBC}") = "Interface", "Interface\Interface.csproj", "{CC3A785C-0549-4CB0-A303-3B8F63AF9831}"
EndProject
Project("{FAE04EC0-301F-11D3-BF4B-00C04F79EFBC}") = "Furesoft.Rpc.Mmf.Json", "Furesoft.Rpc.Mmf.Json\Furesoft.Rpc.Mmf.Json.csproj", "{62549544-2AED-4ABF-8E7C-E99BE3A88A78}"
EndProject
Project("{2150E333-8FDC-42A3-9474-1A3956D46DE8}") = "Extensions", "Extensions", "{31645FC0-DCEC-40E3-BE50-7C5CE199C3D2}"
EndProject
Global
	GlobalSection(SolutionConfigurationPlatforms) = preSolution
		Debug|Any CPU = Debug|Any CPU
		Release|Any CPU = Release|Any CPU
	EndGlobalSection
	GlobalSection(ProjectConfigurationPlatforms) = postSolution
		{95191E84-DA6B-4E75-84D2-15780A017C60}.Debug|Any CPU.ActiveCfg = Debug|Any CPU
		{95191E84-DA6B-4E75-84D2-15780A017C60}.Debug|Any CPU.Build.0 = Debug|Any CPU
		{95191E84-DA6B-4E75-84D2-15780A017C60}.Release|Any CPU.ActiveCfg = Release|Any CPU
		{95191E84-DA6B-4E75-84D2-15780A017C60}.Release|Any CPU.Build.0 = Release|Any CPU
		{4BCCA576-7D13-437E-84B1-F81C4EA09312}.Debug|Any CPU.ActiveCfg = Debug|Any CPU
		{4BCCA576-7D13-437E-84B1-F81C4EA09312}.Debug|Any CPU.Build.0 = Debug|Any CPU
		{4BCCA576-7D13-437E-84B1-F81C4EA09312}.Release|Any CPU.ActiveCfg = Release|Any CPU
		{4BCCA576-7D13-437E-84B1-F81C4EA09312}.Release|Any CPU.Build.0 = Release|Any CPU
		{92BBD987-3110-4C08-947A-FF68A2080D9B}.Debug|Any CPU.ActiveCfg = Debug|Any CPU
		{92BBD987-3110-4C08-947A-FF68A2080D9B}.Debug|Any CPU.Build.0 = Debug|Any CPU
		{92BBD987-3110-4C08-947A-FF68A2080D9B}.Release|Any CPU.ActiveCfg = Release|Any CPU
		{92BBD987-3110-4C08-947A-FF68A2080D9B}.Release|Any CPU.Build.0 = Release|Any CPU
		{CC3A785C-0549-4CB0-A303-3B8F63AF9831}.Debug|Any CPU.ActiveCfg = Debug|Any CPU
		{CC3A785C-0549-4CB0-A303-3B8F63AF9831}.Debug|Any CPU.Build.0 = Debug|Any CPU
		{CC3A785C-0549-4CB0-A303-3B8F63AF9831}.Release|Any CPU.ActiveCfg = Release|Any CPU
		{CC3A785C-0549-4CB0-A303-3B8F63AF9831}.Release|Any CPU.Build.0 = Release|Any CPU
		{62549544-2AED-4ABF-8E7C-E99BE3A88A78}.Debug|Any CPU.ActiveCfg = Debug|Any CPU
		{62549544-2AED-4ABF-8E7C-E99BE3A88A78}.Debug|Any CPU.Build.0 = Debug|Any CPU
		{62549544-2AED-4ABF-8E7C-E99BE3A88A78}.Release|Any CPU.ActiveCfg = Release|Any CPU
		{62549544-2AED-4ABF-8E7C-E99BE3A88A78}.Release|Any CPU.Build.0 = Release|Any CPU
	EndGlobalSection
	GlobalSection(SolutionProperties) = preSolution
		HideSolutionNode = FALSE
	EndGlobalSection
	GlobalSection(NestedProjects) = preSolution
		{4BCCA576-7D13-437E-84B1-F81C4EA09312} = {04AA2E74-188A-4704-AF02-1A0002035173}
		{92BBD987-3110-4C08-947A-FF68A2080D9B} = {04AA2E74-188A-4704-AF02-1A0002035173}
		{CC3A785C-0549-4CB0-A303-3B8F63AF9831} = {04AA2E74-188A-4704-AF02-1A0002035173}
		{62549544-2AED-4ABF-8E7C-E99BE3A88A78} = {31645FC0-DCEC-40E3-BE50-7C5CE199C3D2}
	EndGlobalSection
	GlobalSection(ExtensibilityGlobals) = postSolution
		SolutionGuid = {595244C5-B818-46DF-AB51-50EED6629B52}
	EndGlobalSection
EndGlobal
